
Microsoft Visual Studio Solution File, Format Version 12.00
# Visual Studio 2012
Project("{FAE04EC0-301F-11D3-BF4B-00C04F79EFBC}") = "Manisero.AutoRegistrar", "Manisero.AutoRegistrar\Manisero.AutoRegistrar.csproj", "{3EFEF475-F94E-4D29-9579-EBB7F6628548}"
EndProject
Project("{FAE04EC0-301F-11D3-BF4B-00C04F79EFBC}") = "Manisero.AutoRegistrar.Commands", "Manisero.AutoRegistrar.Commands\Manisero.AutoRegistrar.Commands.csproj", "{C7A240B7-A78F-4401-8AFC-6ADDD35932CC}"
EndProject
Project("{FAE04EC0-301F-11D3-BF4B-00C04F79EFBC}") = "Manisero.AutoRegistrar.Queries", "Manisero.AutoRegistrar.Queries\Manisero.AutoRegistrar.Queries.csproj", "{F97B4444-48D2-4C63-A999-1903E5405CDD}"
EndProject
Project("{FAE04EC0-301F-11D3-BF4B-00C04F79EFBC}") = "Manisero.AutoRegistrar.Queries.Tests", "Manisero.AutoRegistrar.Queries.Tests\Manisero.AutoRegistrar.Queries.Tests.csproj", "{8223E104-2B81-4F77-993E-2B264CEF25AC}"
EndProject
Project("{FAE04EC0-301F-11D3-BF4B-00C04F79EFBC}") = "Manisero.AutoRegistrar.Commands.Tests", "Manisero.AutoRegistrar.Commands.Tests\Manisero.AutoRegistrar.Commands.Tests.csproj", "{0B70B23A-BEFC-432A-933E-47A11F3610D5}"
EndProject
Project("{2150E333-8FDC-42A3-9474-1A3956D46DE8}") = "1. Core", "1. Core", "{562669DD-9E63-42E8-BC92-2EC132508B2B}"
EndProject
Project("{2150E333-8FDC-42A3-9474-1A3956D46DE8}") = "3. Commands", "3. Commands", "{CC005B8D-7885-44C1-845E-3440B06D989B}"
EndProject
Project("{2150E333-8FDC-42A3-9474-1A3956D46DE8}") = "2. Queries", "2. Queries", "{8E70BBE3-3F20-4BC3-8962-DF1EA22A042F}"
EndProject
Project("{2150E333-8FDC-42A3-9474-1A3956D46DE8}") = "4. Main", "4. Main", "{A26563E1-8549-4C94-9C56-4AB82D3F8ED7}"
EndProject
Project("{FAE04EC0-301F-11D3-BF4B-00C04F79EFBC}") = "Manisero.AutoRegistrar.Core", "Manisero.AutoRegistrar.Core\Manisero.AutoRegistrar.Core.csproj", "{A90C5768-053B-429F-AAD3-60224890DDA0}"
EndProject
Project("{FAE04EC0-301F-11D3-BF4B-00C04F79EFBC}") = "Manisero.AutoRegistrar.Tests.Core", "Manisero.AutoRegistrar.Tests.Core\Manisero.AutoRegistrar.Tests.Core.csproj", "{8910C4D0-6093-4157-90D6-FD5E84E37C55}"
EndProject
Project("{FAE04EC0-301F-11D3-BF4B-00C04F79EFBC}") = "Manisero.AutoRegistrar.Tests", "Manisero.AutoRegistrar.Tests\Manisero.AutoRegistrar.Tests.csproj", "{F1C132D7-0E4E-4DC4-AF05-B03E3125D013}"
EndProject
Project("{FAE04EC0-301F-11D3-BF4B-00C04F79EFBC}") = "Manisero.AutoRegistrar.Tests.ReferencedByTestsCoreOnly", "Manisero.AutoRegistrar.Tests.ReferencedByTestsCoreOnly\Manisero.AutoRegistrar.Tests.ReferencedByTestsCoreOnly.csproj", "{ED68A780-0719-4A34-B7DE-CF25BCC91C82}"
EndProject
Global
	GlobalSection(SolutionConfigurationPlatforms) = preSolution
		Debug|Any CPU = Debug|Any CPU
		Release|Any CPU = Release|Any CPU
	EndGlobalSection
	GlobalSection(ProjectConfigurationPlatforms) = postSolution
		{3EFEF475-F94E-4D29-9579-EBB7F6628548}.Debug|Any CPU.ActiveCfg = Debug|Any CPU
		{3EFEF475-F94E-4D29-9579-EBB7F6628548}.Debug|Any CPU.Build.0 = Debug|Any CPU
		{3EFEF475-F94E-4D29-9579-EBB7F6628548}.Release|Any CPU.ActiveCfg = Release|Any CPU
		{3EFEF475-F94E-4D29-9579-EBB7F6628548}.Release|Any CPU.Build.0 = Release|Any CPU
		{C7A240B7-A78F-4401-8AFC-6ADDD35932CC}.Debug|Any CPU.ActiveCfg = Debug|Any CPU
		{C7A240B7-A78F-4401-8AFC-6ADDD35932CC}.Debug|Any CPU.Build.0 = Debug|Any CPU
		{C7A240B7-A78F-4401-8AFC-6ADDD35932CC}.Release|Any CPU.ActiveCfg = Release|Any CPU
		{C7A240B7-A78F-4401-8AFC-6ADDD35932CC}.Release|Any CPU.Build.0 = Release|Any CPU
		{F97B4444-48D2-4C63-A999-1903E5405CDD}.Debug|Any CPU.ActiveCfg = Debug|Any CPU
		{F97B4444-48D2-4C63-A999-1903E5405CDD}.Debug|Any CPU.Build.0 = Debug|Any CPU
		{F97B4444-48D2-4C63-A999-1903E5405CDD}.Release|Any CPU.ActiveCfg = Release|Any CPU
		{F97B4444-48D2-4C63-A999-1903E5405CDD}.Release|Any CPU.Build.0 = Release|Any CPU
		{8223E104-2B81-4F77-993E-2B264CEF25AC}.Debug|Any CPU.ActiveCfg = Debug|Any CPU
		{8223E104-2B81-4F77-993E-2B264CEF25AC}.Debug|Any CPU.Build.0 = Debug|Any CPU
		{8223E104-2B81-4F77-993E-2B264CEF25AC}.Release|Any CPU.ActiveCfg = Release|Any CPU
		{8223E104-2B81-4F77-993E-2B264CEF25AC}.Release|Any CPU.Build.0 = Release|Any CPU
		{0B70B23A-BEFC-432A-933E-47A11F3610D5}.Debug|Any CPU.ActiveCfg = Debug|Any CPU
		{0B70B23A-BEFC-432A-933E-47A11F3610D5}.Debug|Any CPU.Build.0 = Debug|Any CPU
		{0B70B23A-BEFC-432A-933E-47A11F3610D5}.Release|Any CPU.ActiveCfg = Release|Any CPU
		{0B70B23A-BEFC-432A-933E-47A11F3610D5}.Release|Any CPU.Build.0 = Release|Any CPU
		{A90C5768-053B-429F-AAD3-60224890DDA0}.Debug|Any CPU.ActiveCfg = Debug|Any CPU
		{A90C5768-053B-429F-AAD3-60224890DDA0}.Debug|Any CPU.Build.0 = Debug|Any CPU
		{A90C5768-053B-429F-AAD3-60224890DDA0}.Release|Any CPU.ActiveCfg = Release|Any CPU
		{A90C5768-053B-429F-AAD3-60224890DDA0}.Release|Any CPU.Build.0 = Release|Any CPU
		{8910C4D0-6093-4157-90D6-FD5E84E37C55}.Debug|Any CPU.ActiveCfg = Debug|Any CPU
		{8910C4D0-6093-4157-90D6-FD5E84E37C55}.Debug|Any CPU.Build.0 = Debug|Any CPU
		{8910C4D0-6093-4157-90D6-FD5E84E37C55}.Release|Any CPU.ActiveCfg = Release|Any CPU
		{8910C4D0-6093-4157-90D6-FD5E84E37C55}.Release|Any CPU.Build.0 = Release|Any CPU
		{F1C132D7-0E4E-4DC4-AF05-B03E3125D013}.Debug|Any CPU.ActiveCfg = Debug|Any CPU
		{F1C132D7-0E4E-4DC4-AF05-B03E3125D013}.Debug|Any CPU.Build.0 = Debug|Any CPU
		{F1C132D7-0E4E-4DC4-AF05-B03E3125D013}.Release|Any CPU.ActiveCfg = Release|Any CPU
		{F1C132D7-0E4E-4DC4-AF05-B03E3125D013}.Release|Any CPU.Build.0 = Release|Any CPU
		{ED68A780-0719-4A34-B7DE-CF25BCC91C82}.Debug|Any CPU.ActiveCfg = Debug|Any CPU
		{ED68A780-0719-4A34-B7DE-CF25BCC91C82}.Debug|Any CPU.Build.0 = Debug|Any CPU
		{ED68A780-0719-4A34-B7DE-CF25BCC91C82}.Release|Any CPU.ActiveCfg = Release|Any CPU
		{ED68A780-0719-4A34-B7DE-CF25BCC91C82}.Release|Any CPU.Build.0 = Release|Any CPU
	EndGlobalSection
	GlobalSection(SolutionProperties) = preSolution
		HideSolutionNode = FALSE
	EndGlobalSection
	GlobalSection(NestedProjects) = preSolution
		{3EFEF475-F94E-4D29-9579-EBB7F6628548} = {A26563E1-8549-4C94-9C56-4AB82D3F8ED7}
		{F1C132D7-0E4E-4DC4-AF05-B03E3125D013} = {A26563E1-8549-4C94-9C56-4AB82D3F8ED7}
		{0B70B23A-BEFC-432A-933E-47A11F3610D5} = {CC005B8D-7885-44C1-845E-3440B06D989B}
		{C7A240B7-A78F-4401-8AFC-6ADDD35932CC} = {CC005B8D-7885-44C1-845E-3440B06D989B}
		{8223E104-2B81-4F77-993E-2B264CEF25AC} = {8E70BBE3-3F20-4BC3-8962-DF1EA22A042F}
		{F97B4444-48D2-4C63-A999-1903E5405CDD} = {8E70BBE3-3F20-4BC3-8962-DF1EA22A042F}
		{A90C5768-053B-429F-AAD3-60224890DDA0} = {562669DD-9E63-42E8-BC92-2EC132508B2B}
		{8910C4D0-6093-4157-90D6-FD5E84E37C55} = {562669DD-9E63-42E8-BC92-2EC132508B2B}
		{ED68A780-0719-4A34-B7DE-CF25BCC91C82} = {562669DD-9E63-42E8-BC92-2EC132508B2B}
	EndGlobalSection
EndGlobal
