
Microsoft Visual Studio Solution File, Format Version 12.00
# Visual Studio 2012
Project("{FAE04EC0-301F-11D3-BF4B-00C04F79EFBC}") = "NInjectKnowledgeBase", "NInjectKnowledgeBase\NInjectKnowledgeBase.csproj", "{49C407DB-FBF7-4D1E-BB77-5E29805FA567}"
EndProject
Global
	GlobalSection(SolutionConfigurationPlatforms) = preSolution
		Debug|Any CPU = Debug|Any CPU
		Release|Any CPU = Release|Any CPU
	EndGlobalSection
	GlobalSection(ProjectConfigurationPlatforms) = postSolution
		{49C407DB-FBF7-4D1E-BB77-5E29805FA567}.Debug|Any CPU.ActiveCfg = Debug|Any CPU
		{49C407DB-FBF7-4D1E-BB77-5E29805FA567}.Debug|Any CPU.Build.0 = Debug|Any CPU
		{49C407DB-FBF7-4D1E-BB77-5E29805FA567}.Release|Any CPU.ActiveCfg = Release|Any CPU
		{49C407DB-FBF7-4D1E-BB77-5E29805FA567}.Release|Any CPU.Build.0 = Release|Any CPU
	EndGlobalSection
	GlobalSection(SolutionProperties) = preSolution
		HideSolutionNode = FALSE
	EndGlobalSection
EndGlobal
