
Microsoft Visual Studio Solution File, Format Version 12.00
# Visual Studio 2012
Project("{FAE04EC0-301F-11D3-BF4B-00C04F79EFBC}") = "NInjectKnowledgeBase", "NInjectKnowledgeBase\NInjectKnowledgeBase.csproj", "{6882307A-C770-4160-BA06-5DC1F063B68E}"
EndProject
Project("{FAE04EC0-301F-11D3-BF4B-00C04F79EFBC}") = "UnityKnowledgeBase", "UnityKnowledgeBase\UnityKnowledgeBase.csproj", "{B8318C79-FBC2-4237-8FE9-33F6D760B0F3}"
EndProject
Project("{FAE04EC0-301F-11D3-BF4B-00C04F79EFBC}") = "Shared", "Shared\Shared.csproj", "{CA391489-4933-4EF6-B34C-BCF88E5B42A8}"
EndProject
Project("{2150E333-8FDC-42A3-9474-1A3956D46DE8}") = "Unity", "Unity", "{59C055AF-D692-4B4B-86FD-CDE7FD903E19}"
EndProject
Project("{2150E333-8FDC-42A3-9474-1A3956D46DE8}") = "NInject", "NInject", "{594E2C6D-BA9D-4CE1-85DA-B41C07019181}"
EndProject
Project("{2150E333-8FDC-42A3-9474-1A3956D46DE8}") = "StructureMap", "StructureMap", "{D5F1316A-7876-45B9-8A40-359C2918708B}"
EndProject
Project("{FAE04EC0-301F-11D3-BF4B-00C04F79EFBC}") = "StructureMapKnowledgeBase", "StructureMapKnowledgeBase\StructureMapKnowledgeBase.csproj", "{FE08BD2F-0FAE-46C9-9D20-11BFBBD8EC76}"
EndProject
Project("{2150E333-8FDC-42A3-9474-1A3956D46DE8}") = "Autofac", "Autofac", "{BB3D37B7-7423-4F76-A33A-90C654647EFE}"
EndProject
Project("{FAE04EC0-301F-11D3-BF4B-00C04F79EFBC}") = "AutofacKnowledgeBase", "AutofacKnowledgeBase\AutofacKnowledgeBase.csproj", "{1ED97916-407C-4932-8068-D0F30AD4C2EC}"
EndProject
Global
	GlobalSection(SolutionConfigurationPlatforms) = preSolution
		Debug|Any CPU = Debug|Any CPU
		Release|Any CPU = Release|Any CPU
	EndGlobalSection
	GlobalSection(ProjectConfigurationPlatforms) = postSolution
		{6882307A-C770-4160-BA06-5DC1F063B68E}.Debug|Any CPU.ActiveCfg = Debug|Any CPU
		{6882307A-C770-4160-BA06-5DC1F063B68E}.Debug|Any CPU.Build.0 = Debug|Any CPU
		{6882307A-C770-4160-BA06-5DC1F063B68E}.Release|Any CPU.ActiveCfg = Release|Any CPU
		{6882307A-C770-4160-BA06-5DC1F063B68E}.Release|Any CPU.Build.0 = Release|Any CPU
		{B8318C79-FBC2-4237-8FE9-33F6D760B0F3}.Debug|Any CPU.ActiveCfg = Debug|Any CPU
		{B8318C79-FBC2-4237-8FE9-33F6D760B0F3}.Debug|Any CPU.Build.0 = Debug|Any CPU
		{B8318C79-FBC2-4237-8FE9-33F6D760B0F3}.Release|Any CPU.ActiveCfg = Release|Any CPU
		{B8318C79-FBC2-4237-8FE9-33F6D760B0F3}.Release|Any CPU.Build.0 = Release|Any CPU
		{CA391489-4933-4EF6-B34C-BCF88E5B42A8}.Debug|Any CPU.ActiveCfg = Debug|Any CPU
		{CA391489-4933-4EF6-B34C-BCF88E5B42A8}.Debug|Any CPU.Build.0 = Debug|Any CPU
		{CA391489-4933-4EF6-B34C-BCF88E5B42A8}.Release|Any CPU.ActiveCfg = Release|Any CPU
		{CA391489-4933-4EF6-B34C-BCF88E5B42A8}.Release|Any CPU.Build.0 = Release|Any CPU
		{FE08BD2F-0FAE-46C9-9D20-11BFBBD8EC76}.Debug|Any CPU.ActiveCfg = Debug|Any CPU
		{FE08BD2F-0FAE-46C9-9D20-11BFBBD8EC76}.Debug|Any CPU.Build.0 = Debug|Any CPU
		{FE08BD2F-0FAE-46C9-9D20-11BFBBD8EC76}.Release|Any CPU.ActiveCfg = Release|Any CPU
		{FE08BD2F-0FAE-46C9-9D20-11BFBBD8EC76}.Release|Any CPU.Build.0 = Release|Any CPU
		{1ED97916-407C-4932-8068-D0F30AD4C2EC}.Debug|Any CPU.ActiveCfg = Debug|Any CPU
		{1ED97916-407C-4932-8068-D0F30AD4C2EC}.Debug|Any CPU.Build.0 = Debug|Any CPU
		{1ED97916-407C-4932-8068-D0F30AD4C2EC}.Release|Any CPU.ActiveCfg = Release|Any CPU
		{1ED97916-407C-4932-8068-D0F30AD4C2EC}.Release|Any CPU.Build.0 = Release|Any CPU
	EndGlobalSection
	GlobalSection(SolutionProperties) = preSolution
		HideSolutionNode = FALSE
	EndGlobalSection
	GlobalSection(NestedProjects) = preSolution
		{6882307A-C770-4160-BA06-5DC1F063B68E} = {594E2C6D-BA9D-4CE1-85DA-B41C07019181}
		{B8318C79-FBC2-4237-8FE9-33F6D760B0F3} = {59C055AF-D692-4B4B-86FD-CDE7FD903E19}
		{FE08BD2F-0FAE-46C9-9D20-11BFBBD8EC76} = {D5F1316A-7876-45B9-8A40-359C2918708B}
		{1ED97916-407C-4932-8068-D0F30AD4C2EC} = {BB3D37B7-7423-4F76-A33A-90C654647EFE}
	EndGlobalSection
EndGlobal
